
Microsoft Visual Studio Solution File, Format Version 12.00
# Visual Studio Version 16
VisualStudioVersion = 16.0.30114.105
MinimumVisualStudioVersion = 10.0.40219.1
Project("{9A19103F-16F7-4668-BE54-9A1E7A4F7556}") = "FTP", "FTP.csproj", "{B97084EC-5598-426C-A94F-F599E9EA1B2B}"
EndProject
Global
	GlobalSection(SolutionConfigurationPlatforms) = preSolution
		Debug|Any CPU = Debug|Any CPU
		Release|Any CPU = Release|Any CPU
	EndGlobalSection
	GlobalSection(ProjectConfigurationPlatforms) = postSolution
		{B97084EC-5598-426C-A94F-F599E9EA1B2B}.Debug|Any CPU.ActiveCfg = Debug|Any CPU
		{B97084EC-5598-426C-A94F-F599E9EA1B2B}.Debug|Any CPU.Build.0 = Debug|Any CPU
		{B97084EC-5598-426C-A94F-F599E9EA1B2B}.Release|Any CPU.ActiveCfg = Release|Any CPU
		{B97084EC-5598-426C-A94F-F599E9EA1B2B}.Release|Any CPU.Build.0 = Release|Any CPU
	EndGlobalSection
	GlobalSection(SolutionProperties) = preSolution
		HideSolutionNode = FALSE
	EndGlobalSection
	GlobalSection(ExtensibilityGlobals) = postSolution
		SolutionGuid = {5D6E62C7-B76A-4782-86A0-A44161EAF034}
	EndGlobalSection
EndGlobal
